Microsoft Visual Studio Solution File, Format Version 12.00
# Visual Studio 14
VisualStudioVersion = 14.0.23107.0
MinimumVisualStudioVersion = 10.0.40219.1
Project("{FAE04EC0-301F-11D3-BF4B-00C04F79EFBC}") = "test", "test.csproj", "{C7BEF132-0048-4FDF-BC1E-C776DE0983AE}"
EndProject
Project("{FAE04EC0-301F-11D3-BF4B-00C04F79EFBC}") = "lib", "..\lib\lib.csproj", "{69B1B1EA-F10C-4F8E-BA08-48A16B993305}"
EndProject
Global
	GlobalSection(SolutionConfigurationPlatforms) = preSolution
		Debug|Any CPU = Debug|Any CPU
		Release|Any CPU = Release|Any CPU
	EndGlobalSection
	GlobalSection(ProjectConfigurationPlatforms) = postSolution
		{C7BEF132-0048-4FDF-BC1E-C776DE0983AE}.Debug|Any CPU.ActiveCfg = Debug|Any CPU
		{C7BEF132-0048-4FDF-BC1E-C776DE0983AE}.Debug|Any CPU.Build.0 = Debug|Any CPU
		{C7BEF132-0048-4FDF-BC1E-C776DE0983AE}.Release|Any CPU.ActiveCfg = Release|Any CPU
		{C7BEF132-0048-4FDF-BC1E-C776DE0983AE}.Release|Any CPU.Build.0 = Release|Any CPU
		{69B1B1EA-F10C-4F8E-BA08-48A16B993305}.Debug|Any CPU.ActiveCfg = Debug|Any CPU
		{69B1B1EA-F10C-4F8E-BA08-48A16B993305}.Debug|Any CPU.Build.0 = Debug|Any CPU
		{69B1B1EA-F10C-4F8E-BA08-48A16B993305}.Release|Any CPU.ActiveCfg = Release|Any CPU
		{69B1B1EA-F10C-4F8E-BA08-48A16B993305}.Release|Any CPU.Build.0 = Release|Any CPU
	EndGlobalSection
	GlobalSection(SolutionProperties) = preSolution
		HideSolutionNode = FALSE
	EndGlobalSection
EndGlobal
