Microsoft Visual Studio Solution File, Format Version 12.00
# Visual Studio 15
VisualStudioVersion = 15.0.26228.10
MinimumVisualStudioVersion = 15.0.26124.0
Project("{FAE04EC0-301F-11D3-BF4B-00C04F79EFBC}") = "ZipStorer", "src\ZipStorer.csproj", "{AE002F5E-F361-4F5A-84C0-446C6FB19687}"
EndProject
Project("{FAE04EC0-301F-11D3-BF4B-00C04F79EFBC}") = "ZipStorerTest", "test\ZipStorerTest.csproj", "{B3B98D4B-E399-4677-81E9-E50B83E65D52}"
EndProject
Global
	GlobalSection(SolutionConfigurationPlatforms) = preSolution
		Debug|Any CPU = Debug|Any CPU
		Debug|x64 = Debug|x64
		Debug|x86 = Debug|x86
		Release|Any CPU = Release|Any CPU
		Release|x64 = Release|x64
		Release|x86 = Release|x86
	EndGlobalSection
	GlobalSection(ProjectConfigurationPlatforms) = postSolution
		{AE002F5E-F361-4F5A-84C0-446C6FB19687}.Debug|Any CPU.ActiveCfg = Debug|Any CPU
		{AE002F5E-F361-4F5A-84C0-446C6FB19687}.Debug|Any CPU.Build.0 = Debug|Any CPU
		{AE002F5E-F361-4F5A-84C0-446C6FB19687}.Debug|x64.ActiveCfg = Debug|Any CPU
		{AE002F5E-F361-4F5A-84C0-446C6FB19687}.Debug|x64.Build.0 = Debug|Any CPU
		{AE002F5E-F361-4F5A-84C0-446C6FB19687}.Debug|x86.ActiveCfg = Debug|Any CPU
		{AE002F5E-F361-4F5A-84C0-446C6FB19687}.Debug|x86.Build.0 = Debug|Any CPU
		{AE002F5E-F361-4F5A-84C0-446C6FB19687}.Release|Any CPU.ActiveCfg = Release|Any CPU
		{AE002F5E-F361-4F5A-84C0-446C6FB19687}.Release|Any CPU.Build.0 = Release|Any CPU
		{AE002F5E-F361-4F5A-84C0-446C6FB19687}.Release|x64.ActiveCfg = Release|Any CPU
		{AE002F5E-F361-4F5A-84C0-446C6FB19687}.Release|x64.Build.0 = Release|Any CPU
		{AE002F5E-F361-4F5A-84C0-446C6FB19687}.Release|x86.ActiveCfg = Release|Any CPU
		{AE002F5E-F361-4F5A-84C0-446C6FB19687}.Release|x86.Build.0 = Release|Any CPU
		{B3B98D4B-E399-4677-81E9-E50B83E65D52}.Debug|Any CPU.ActiveCfg = Debug|Any CPU
		{B3B98D4B-E399-4677-81E9-E50B83E65D52}.Debug|Any CPU.Build.0 = Debug|Any CPU
		{B3B98D4B-E399-4677-81E9-E50B83E65D52}.Debug|x64.ActiveCfg = Debug|Any CPU
		{B3B98D4B-E399-4677-81E9-E50B83E65D52}.Debug|x64.Build.0 = Debug|Any CPU
		{B3B98D4B-E399-4677-81E9-E50B83E65D52}.Debug|x86.ActiveCfg = Debug|Any CPU
		{B3B98D4B-E399-4677-81E9-E50B83E65D52}.Debug|x86.Build.0 = Debug|Any CPU
		{B3B98D4B-E399-4677-81E9-E50B83E65D52}.Release|Any CPU.ActiveCfg = Release|Any CPU
		{B3B98D4B-E399-4677-81E9-E50B83E65D52}.Release|Any CPU.Build.0 = Release|Any CPU
		{B3B98D4B-E399-4677-81E9-E50B83E65D52}.Release|x64.ActiveCfg = Release|Any CPU
		{B3B98D4B-E399-4677-81E9-E50B83E65D52}.Release|x64.Build.0 = Release|Any CPU
		{B3B98D4B-E399-4677-81E9-E50B83E65D52}.Release|x86.ActiveCfg = Release|Any CPU
		{B3B98D4B-E399-4677-81E9-E50B83E65D52}.Release|x86.Build.0 = Release|Any CPU
	EndGlobalSection
	GlobalSection(SolutionProperties) = preSolution
		HideSolutionNode = FALSE
	EndGlobalSection
EndGlobal
